// !$*UTF8*$!
{
	archiveVersion = 1;
	classes = {
	};
	objectVersion = 52;
	objects = {

/* Begin PBXBuildFile section */
		3CDCC57B26E462490087F1FB /* AppDelegate.swift in Sources */ = {isa = PBXBuildFile; fileRef = 3CDCC57A26E462490087F1FB /* AppDelegate.swift */; };
		3CDCC57F26E462490087F1FB /* ViewController.swift in Sources */ = {isa = PBXBuildFile; fileRef = 3CDCC57E26E462490087F1FB /* ViewController.swift */; };
		3CDCC58426E4624A0087F1FB /* Assets.xcassets in Resources */ = {isa = PBXBuildFile; fileRef = 3CDCC58326E4624A0087F1FB /* Assets.xcassets */; };
		3CDCC58726E4624A0087F1FB /* LaunchScreen.storyboard in Resources */ = {isa = PBXBuildFile; fileRef = 3CDCC58526E4624A0087F1FB /* LaunchScreen.storyboard */; };
		3CDCC59026E462730087F1FB /* Alamofire in Frameworks */ = {isa = PBXBuildFile; productRef = 3CDCC58F26E462730087F1FB /* Alamofire */; };
		3CDCC59326E463020087F1FB /* SnapKit in Frameworks */ = {isa = PBXBuildFile; productRef = 3CDCC59226E463020087F1FB /* SnapKit */; };
		4B15DBC526E592E500732BE5 /* iPhone1.jpg in Resources */ = {isa = PBXBuildFile; fileRef = 4B15DBC426E592E500732BE5 /* iPhone1.jpg */; };
		4B15DBC726E59C6300732BE5 /* iPhone2.jpg in Resources */ = {isa = PBXBuildFile; fileRef = 4B15DBC626E59C6300732BE5 /* iPhone2.jpg */; };
		4B15DBC926E59C6900732BE5 /* iPhone3.jpg in Resources */ = {isa = PBXBuildFile; fileRef = 4B15DBC826E59C6900732BE5 /* iPhone3.jpg */; };
		4B15DBCB26E59C9600732BE5 /* iPhone5.jpg in Resources */ = {isa = PBXBuildFile; fileRef = 4B15DBCA26E59C9600732BE5 /* iPhone5.jpg */; };
		4B15DBCD26E59C9F00732BE5 /* iPhone4.jpg in Resources */ = {isa = PBXBuildFile; fileRef = 4B15DBCC26E59C9F00732BE5 /* iPhone4.jpg */; };
		4B7697982794EEBA003F4313 /* MyPageViewController.swift in Sources */ = {isa = PBXBuildFile; fileRef = 4B7697972794EEB9003F4313 /* MyPageViewController.swift */; };
		4B76979A2794F127003F4313 /* EditProfileViewController.swift in Sources */ = {isa = PBXBuildFile; fileRef = 4B7697992794F126003F4313 /* EditProfileViewController.swift */; };
		4BCC62BA27573D7100E97DB3 /* nlogo.png in Resources */ = {isa = PBXBuildFile; fileRef = 4BCC62B927573D7100E97DB3 /* nlogo.png */; };
		4BE41F2D2744BCD800FE0DF6 /* AddressSearchViewController.swift.swift in Sources */ = {isa = PBXBuildFile; fileRef = 4BE41F2C2744BCD800FE0DF6 /* AddressSearchViewController.swift.swift */; };
		4BE41F2F2745E84C00FE0DF6 /* SnsSignInViewComtroller.swift in Sources */ = {isa = PBXBuildFile; fileRef = 4BE41F2E2745E84C00FE0DF6 /* SnsSignInViewComtroller.swift */; };
/* End PBXBuildFile section */

/* Begin PBXFileReference section */
		3CDCC57726E462490087F1FB /* Alamofire_Practice.app */ = {isa = PBXFileReference; explicitFileType = wrapper.application; includeInIndex = 0; path = Alamofire_Practice.app; sourceTree = BUILT_PRODUCTS_DIR; };
		3CDCC57A26E462490087F1FB /* AppDelegate.swift */ = {isa = PBXFileReference; lastKnownFileType = sourcecode.swift; path = AppDelegate.swift; sourceTree = "<group>"; };
		3CDCC57E26E462490087F1FB /* ViewController.swift */ = {isa = PBXFileReference; lastKnownFileType = sourcecode.swift; path = ViewController.swift; sourceTree = "<group>"; };
		3CDCC58326E4624A0087F1FB /* Assets.xcassets */ = {isa = PBXFileReference; lastKnownFileType = folder.assetcatalog; path = Assets.xcassets; sourceTree = "<group>"; };
		3CDCC58626E4624A0087F1FB /* Base */ = {isa = PBXFileReference; lastKnownFileType = file.storyboard; name = Base; path = Base.lproj/LaunchScreen.storyboard; sourceTree = "<group>"; };
		3CDCC58826E4624A0087F1FB /* Info.plist */ = {isa = PBXFileReference; lastKnownFileType = text.plist.xml; path = Info.plist; sourceTree = "<group>"; };
		4B15DBC426E592E500732BE5 /* iPhone1.jpg */ = {isa = PBXFileReference; lastKnownFileType = image.jpeg; path = iPhone1.jpg; sourceTree = "<group>"; };
		4B15DBC626E59C6300732BE5 /* iPhone2.jpg */ = {isa = PBXFileReference; lastKnownFileType = image.jpeg; path = iPhone2.jpg; sourceTree = "<group>"; };
		4B15DBC826E59C6900732BE5 /* iPhone3.jpg */ = {isa = PBXFileReference; lastKnownFileType = image.jpeg; path = iPhone3.jpg; sourceTree = "<group>"; };
		4B15DBCA26E59C9600732BE5 /* iPhone5.jpg */ = {isa = PBXFileReference; lastKnownFileType = image.jpeg; path = iPhone5.jpg; sourceTree = "<group>"; };
		4B15DBCC26E59C9F00732BE5 /* iPhone4.jpg */ = {isa = PBXFileReference; lastKnownFileType = image.jpeg; path = iPhone4.jpg; sourceTree = "<group>"; };
		4B7697972794EEB9003F4313 /* MyPageViewController.swift */ = {isa = PBXFileReference; lastKnownFileType = sourcecode.swift; path = MyPageViewController.swift; sourceTree = "<group>"; };
		4B7697992794F126003F4313 /* EditProfileViewController.swift */ = {isa = PBXFileReference; lastKnownFileType = sourcecode.swift; path = EditProfileViewController.swift; sourceTree = "<group>"; };
		4BCC62B927573D7100E97DB3 /* nlogo.png */ = {isa = PBXFileReference; lastKnownFileType = image.png; name = nlogo.png; path = ../../../../../Downloads/nlogo.png; sourceTree = "<group>"; };
		4BE41F2C2744BCD800FE0DF6 /* AddressSearchViewController.swift.swift */ = {isa = PBXFileReference; lastKnownFileType = sourcecode.swift; path = AddressSearchViewController.swift.swift; sourceTree = "<group>"; };
		4BE41F2E2745E84C00FE0DF6 /* SnsSignInViewComtroller.swift */ = {isa = PBXFileReference; lastKnownFileType = sourcecode.swift; path = SnsSignInViewComtroller.swift; sourceTree = "<group>"; };
/* End PBXFileReference section */

/* Begin PBXFrameworksBuildPhase section */
		3CDCC57426E462490087F1FB /* Frameworks */ = {
			isa = PBXFrameworksBuildPhase;
			buildActionMask = 2147483647;
			files = (
				3CDCC59026E462730087F1FB /* Alamofire in Frameworks */,
				3CDCC59326E463020087F1FB /* SnapKit in Frameworks */,
			);
			runOnlyForDeploymentPostprocessing = 0;
		};
/* End PBXFrameworksBuildPhase section */

/* Begin PBXGroup section */
		3CDCC56E26E462490087F1FB = {
			isa = PBXGroup;
			children = (
				3CDCC57926E462490087F1FB /* Alamofire_Practice */,
				3CDCC57826E462490087F1FB /* Products */,
			);
			sourceTree = "<group>";
		};
		3CDCC57826E462490087F1FB /* Products */ = {
			isa = PBXGroup;
			children = (
				3CDCC57726E462490087F1FB /* Alamofire_Practice.app */,
			);
			name = Products;
			sourceTree = "<group>";
		};
		3CDCC57926E462490087F1FB /* Alamofire_Practice */ = {
			isa = PBXGroup;
			children = (
				4B15DBC426E592E500732BE5 /* iPhone1.jpg */,
				4B15DBC626E59C6300732BE5 /* iPhone2.jpg */,
				4B15DBC826E59C6900732BE5 /* iPhone3.jpg */,
				4B15DBCC26E59C9F00732BE5 /* iPhone4.jpg */,
				4B15DBCA26E59C9600732BE5 /* iPhone5.jpg */,
				4BCC62B927573D7100E97DB3 /* nlogo.png */,
				3CDCC57A26E462490087F1FB /* AppDelegate.swift */,
				3CDCC57E26E462490087F1FB /* ViewController.swift */,
				4BE41F2C2744BCD800FE0DF6 /* AddressSearchViewController.swift.swift */,
				4BE41F2E2745E84C00FE0DF6 /* SnsSignInViewComtroller.swift */,
				3CDCC58326E4624A0087F1FB /* Assets.xcassets */,
				3CDCC58526E4624A0087F1FB /* LaunchScreen.storyboard */,
				3CDCC58826E4624A0087F1FB /* Info.plist */,
				4B7697972794EEB9003F4313 /* MyPageViewController.swift */,
				4B7697992794F126003F4313 /* EditProfileViewController.swift */,
			);
			path = Alamofire_Practice;
			sourceTree = "<group>";
		};
/* End PBXGroup section */

/* Begin PBXNativeTarget section */
		3CDCC57626E462490087F1FB /* Alamofire_Practice */ = {
			isa = PBXNativeTarget;
			buildConfigurationList = 3CDCC58B26E4624A0087F1FB /* Build configuration list for PBXNativeTarget "Alamofire_Practice" */;
			buildPhases = (
				3CDCC57326E462490087F1FB /* Sources */,
				3CDCC57426E462490087F1FB /* Frameworks */,
				3CDCC57526E462490087F1FB /* Resources */,
			);
			buildRules = (
			);
			dependencies = (
			);
			name = Alamofire_Practice;
			packageProductDependencies = (
				3CDCC58F26E462730087F1FB /* Alamofire */,
				3CDCC59226E463020087F1FB /* SnapKit */,
			);
			productName = Alamofire_Practice;
			productReference = 3CDCC57726E462490087F1FB /* Alamofire_Practice.app */;
			productType = "com.apple.product-type.application";
		};
/* End PBXNativeTarget section */

/* Begin PBXProject section */
		3CDCC56F26E462490087F1FB /* Project object */ = {
			isa = PBXProject;
			attributes = {
				LastSwiftUpdateCheck = 1250;
				LastUpgradeCheck = 1250;
				TargetAttributes = {
					3CDCC57626E462490087F1FB = {
						CreatedOnToolsVersion = 12.5.1;
					};
				};
			};
			buildConfigurationList = 3CDCC57226E462490087F1FB /* Build configuration list for PBXProject "Alamofire_Practice" */;
			compatibilityVersion = "Xcode 9.3";
			developmentRegion = en;
			hasScannedForEncodings = 0;
			knownRegions = (
				en,
				Base,
			);
			mainGroup = 3CDCC56E26E462490087F1FB;
			packageReferences = (
				3CDCC58E26E462730087F1FB /* XCRemoteSwiftPackageReference "Alamofire" */,
				3CDCC59126E463020087F1FB /* XCRemoteSwiftPackageReference "SnapKit" */,
			);
			productRefGroup = 3CDCC57826E462490087F1FB /* Products */;
			projectDirPath = "";
			projectRoot = "";
			targets = (
				3CDCC57626E462490087F1FB /* Alamofire_Practice */,
			);
		};
/* End PBXProject section */

/* Begin PBXResourcesBuildPhase section */
		3CDCC57526E462490087F1FB /* Resources */ = {
			isa = PBXResourcesBuildPhase;
			buildActionMask = 2147483647;
			files = (
				3CDCC58726E4624A0087F1FB /* LaunchScreen.storyboard in Resources */,
				4B15DBC726E59C6300732BE5 /* iPhone2.jpg in Resources */,
				3CDCC58426E4624A0087F1FB /* Assets.xcassets in Resources */,
				4BCC62BA27573D7100E97DB3 /* nlogo.png in Resources */,
				4B15DBCB26E59C9600732BE5 /* iPhone5.jpg in Resources */,
				4B15DBC926E59C6900732BE5 /* iPhone3.jpg in Resources */,
				4B15DBC526E592E500732BE5 /* iPhone1.jpg in Resources */,
				4B15DBCD26E59C9F00732BE5 /* iPhone4.jpg in Resources */,
			);
			runOnlyForDeploymentPostprocessing = 0;
		};
/* End PBXResourcesBuildPhase section */

/* Begin PBXSourcesBuildPhase section */
		3CDCC57326E462490087F1FB /* Sources */ = {
			isa = PBXSourcesBuildPhase;
			buildActionMask = 2147483647;
			files = (
				4B7697982794EEBA003F4313 /* MyPageViewController.swift in Sources */,
				4BE41F2D2744BCD800FE0DF6 /* AddressSearchViewController.swift.swift in Sources */,
				4B76979A2794F127003F4313 /* EditProfileViewController.swift in Sources */,
				3CDCC57F26E462490087F1FB /* ViewController.swift in Sources */,
				4BE41F2F2745E84C00FE0DF6 /* SnsSignInViewComtroller.swift in Sources */,
				3CDCC57B26E462490087F1FB /* AppDelegate.swift in Sources */,
			);
			runOnlyForDeploymentPostprocessing = 0;
		};
/* End PBXSourcesBuildPhase section */

/* Begin PBXVariantGroup section */
		3CDCC58526E4624A0087F1FB /* LaunchScreen.storyboard */ = {
			isa = PBXVariantGroup;
			children = (
				3CDCC58626E4624A0087F1FB /* Base */,
			);
			name = LaunchScreen.storyboard;
			sourceTree = "<group>";
		};
/* End PBXVariantGroup section */

/* Begin XCBuildConfiguration section */
		3CDCC58926E4624A0087F1FB /* Debug */ = {
			isa = XCBuildConfiguration;
			buildSettings = {
				ALWAYS_SEARCH_USER_PATHS = NO;
				CLANG_ANALYZER_NONNULL = YES;
				CLANG_ANALYZER_NUMBER_OBJECT_CONVERSION = YES_AGGRESSIVE;
				CLANG_CXX_LANGUAGE_STANDARD = "gnu++14";
				CLANG_CXX_LIBRARY = "libc++";
				CLANG_ENABLE_MODULES = YES;
				CLANG_ENABLE_OBJC_ARC = YES;
				CLANG_ENABLE_OBJC_WEAK = YES;
				CLANG_WARN_BLOCK_CAPTURE_AUTORELEASING = YES;
				CLANG_WARN_BOOL_CONVERSION = YES;
				CLANG_WARN_COMMA = YES;
				CLANG_WARN_CONSTANT_CONVERSION = YES;
				CLANG_WARN_DEPRECATED_OBJC_IMPLEMENTATIONS = YES;
				CLANG_WARN_DIRECT_OBJC_ISA_USAGE = YES_ERROR;
				CLANG_WARN_DOCUMENTATION_COMMENTS = YES;
				CLANG_WARN_EMPTY_BODY = YES;
				CLANG_WARN_ENUM_CONVERSION = YES;
				CLANG_WARN_INFINITE_RECURSION = YES;
				CLANG_WARN_INT_CONVERSION = YES;
				CLANG_WARN_NON_LITERAL_NULL_CONVERSION = YES;
				CLANG_WARN_OBJC_IMPLICIT_RETAIN_SELF = YES;
				CLANG_WARN_OBJC_LITERAL_CONVERSION = YES;
				CLANG_WARN_OBJC_ROOT_CLASS = YES_ERROR;
				CLANG_WARN_QUOTED_INCLUDE_IN_FRAMEWORK_HEADER = YES;
				CLANG_WARN_RANGE_LOOP_ANALYSIS = YES;
				CLANG_WARN_STRICT_PROTOTYPES = YES;
				CLANG_WARN_SUSPICIOUS_MOVE = YES;
				CLANG_WARN_UNGUARDED_AVAILABILITY = YES_AGGRESSIVE;
				CLANG_WARN_UNREACHABLE_CODE = YES;
				CLANG_WARN__DUPLICATE_METHOD_MATCH = YES;
				COPY_PHASE_STRIP = NO;
				DEBUG_INFORMATION_FORMAT = dwarf;
				ENABLE_STRICT_OBJC_MSGSEND = YES;
				ENABLE_TESTABILITY = YES;
				GCC_C_LANGUAGE_STANDARD = gnu11;
				GCC_DYNAMIC_NO_PIC = NO;
				GCC_NO_COMMON_BLOCKS = YES;
				GCC_OPTIMIZATION_LEVEL = 0;
				GCC_PREPROCESSOR_DEFINITIONS = (
					"DEBUG=1",
					"$(inherited)",
				);
				GCC_WARN_64_TO_32_BIT_CONVERSION = YES;
				GCC_WARN_ABOUT_RETURN_TYPE = YES_ERROR;
				GCC_WARN_UNDECLARED_SELECTOR = YES;
				GCC_WARN_UNINITIALIZED_AUTOS = YES_AGGRESSIVE;
				GCC_WARN_UNUSED_FUNCTION = YES;
				GCC_WARN_UNUSED_VARIABLE = YES;
				IPHONEOS_DEPLOYMENT_TARGET = 14.5;
				MTL_ENABLE_DEBUG_INFO = INCLUDE_SOURCE;
				MTL_FAST_MATH = YES;
				ONLY_ACTIVE_ARCH = YES;
				SDKROOT = iphoneos;
				SWIFT_ACTIVE_COMPILATION_CONDITIONS = DEBUG;
				SWIFT_OPTIMIZATION_LEVEL = "-Onone";
			};
			name = Debug;
		};
		3CDCC58A26E4624A0087F1FB /* Release */ = {
			isa = XCBuildConfiguration;
			buildSettings = {
				ALWAYS_SEARCH_USER_PATHS = NO;
				CLANG_ANALYZER_NONNULL = YES;
				CLANG_ANALYZER_NUMBER_OBJECT_CONVERSION = YES_AGGRESSIVE;
				CLANG_CXX_LANGUAGE_STANDARD = "gnu++14";
				CLANG_CXX_LIBRARY = "libc++";
				CLANG_ENABLE_MODULES = YES;
				CLANG_ENABLE_OBJC_ARC = YES;
				CLANG_ENABLE_OBJC_WEAK = YES;
				CLANG_WARN_BLOCK_CAPTURE_AUTORELEASING = YES;
				CLANG_WARN_BOOL_CONVERSION = YES;
				CLANG_WARN_COMMA = YES;
				CLANG_WARN_CONSTANT_CONVERSION = YES;
				CLANG_WARN_DEPRECATED_OBJC_IMPLEMENTATIONS = YES;
				CLANG_WARN_DIRECT_OBJC_ISA_USAGE = YES_ERROR;
				CLANG_WARN_DOCUMENTATION_COMMENTS = YES;
				CLANG_WARN_EMPTY_BODY = YES;
				CLANG_WARN_ENUM_CONVERSION = YES;
				CLANG_WARN_INFINITE_RECURSION = YES;
				CLANG_WARN_INT_CONVERSION = YES;
				CLANG_WARN_NON_LITERAL_NULL_CONVERSION = YES;
				CLANG_WARN_OBJC_IMPLICIT_RETAIN_SELF = YES;
				CLANG_WARN_OBJC_LITERAL_CONVERSION = YES;
				CLANG_WARN_OBJC_ROOT_CLASS = YES_ERROR;
				CLANG_WARN_QUOTED_INCLUDE_IN_FRAMEWORK_HEADER = YES;
				CLANG_WARN_RANGE_LOOP_ANALYSIS = YES;
				CLANG_WARN_STRICT_PROTOTYPES = YES;
				CLANG_WARN_SUSPICIOUS_MOVE = YES;
				CLANG_WARN_UNGUARDED_AVAILABILITY = YES_AGGRESSIVE;
				CLANG_WARN_UNREACHABLE_CODE = YES;
				CLANG_WARN__DUPLICATE_METHOD_MATCH = YES;
				COPY_PHASE_STRIP = NO;
				DEBUG_INFORMATION_FORMAT = "dwarf-with-dsym";
				ENABLE_NS_ASSERTIONS = NO;
				ENABLE_STRICT_OBJC_MSGSEND = YES;
				GCC_C_LANGUAGE_STANDARD = gnu11;
				GCC_NO_COMMON_BLOCKS = YES;
				GCC_WARN_64_TO_32_BIT_CONVERSION = YES;
				GCC_WARN_ABOUT_RETURN_TYPE = YES_ERROR;
				GCC_WARN_UNDECLARED_SELECTOR = YES;
				GCC_WARN_UNINITIALIZED_AUTOS = YES_AGGRESSIVE;
				GCC_WARN_UNUSED_FUNCTION = YES;
				GCC_WARN_UNUSED_VARIABLE = YES;
				IPHONEOS_DEPLOYMENT_TARGET = 14.5;
				MTL_ENABLE_DEBUG_INFO = NO;
				MTL_FAST_MATH = YES;
				SDKROOT = iphoneos;
				SWIFT_COMPILATION_MODE = wholemodule;
				SWIFT_OPTIMIZATION_LEVEL = "-O";
				VALIDATE_PRODUCT = YES;
			};
			name = Release;
		};
		3CDCC58C26E4624A0087F1FB /* Debug */ = {
			isa = XCBuildConfiguration;
			buildSettings = {
				ASSETCATALOG_COMPILER_APPICON_NAME = AppIcon;
				ASSETCATALOG_COMPILER_GLOBAL_ACCENT_COLOR_NAME = AccentColor;
				CODE_SIGN_STYLE = Automatic;
				DEVELOPMENT_TEAM = Z5M4ZXWCX6;
				INFOPLIST_FILE = Alamofire_Practice/Info.plist;
				LD_RUNPATH_SEARCH_PATHS = (
					"$(inherited)",
					"@executable_path/Frameworks",
				);
				PRODUCT_BUNDLE_IDENTIFIER = "com.gmail.wnsgk830.Alamofire-Practice";
				PRODUCT_NAME = "$(TARGET_NAME)";
				SWIFT_VERSION = 5.0;
				TARGETED_DEVICE_FAMILY = "1,2";
			};
			name = Debug;
		};
		3CDCC58D26E4624A0087F1FB /* Release */ = {
			isa = XCBuildConfiguration;
			buildSettings = {
				ASSETCATALOG_COMPILER_APPICON_NAME = AppIcon;
				ASSETCATALOG_COMPILER_GLOBAL_ACCENT_COLOR_NAME = AccentColor;
				CODE_SIGN_STYLE = Automatic;
				DEVELOPMENT_TEAM = Z5M4ZXWCX6;
				INFOPLIST_FILE = Alamofire_Practice/Info.plist;
				LD_RUNPATH_SEARCH_PATHS = (
					"$(inherited)",
					"@executable_path/Frameworks",
				);
				PRODUCT_BUNDLE_IDENTIFIER = "com.gmail.wnsgk830.Alamofire-Practice";
				PRODUCT_NAME = "$(TARGET_NAME)";
				SWIFT_VERSION = 5.0;
				TARGETED_DEVICE_FAMILY = "1,2";
			};
			name = Release;
		};
/* End XCBuildConfiguration section */

/* Begin XCConfigurationList section */
		3CDCC57226E462490087F1FB /* Build configuration list for PBXProject "Alamofire_Practice" */ = {
			isa = XCConfigurationList;
			buildConfigurations = (
				3CDCC58926E4624A0087F1FB /* Debug */,
				3CDCC58A26E4624A0087F1FB /* Release */,
			);
			defaultConfigurationIsVisible = 0;
			defaultConfigurationName = Release;
		};
		3CDCC58B26E4624A0087F1FB /* Build configuration list for PBXNativeTarget "Alamofire_Practice" */ = {
			isa = XCConfigurationList;
			buildConfigurations = (
				3CDCC58C26E4624A0087F1FB /* Debug */,
				3CDCC58D26E4624A0087F1FB /* Release */,
			);
			defaultConfigurationIsVisible = 0;
			defaultConfigurationName = Release;
		};
/* End XCConfigurationList section */

/* Begin XCRemoteSwiftPackageReference section */
		3CDCC58E26E462730087F1FB /* XCRemoteSwiftPackageReference "Alamofire" */ = {
			isa = XCRemoteSwiftPackageReference;
			repositoryURL = "https://github.com/Alamofire/Alamofire";
			requirement = {
				kind = upToNextMajorVersion;
				minimumVersion = 5.4.3;
			};
		};
		3CDCC59126E463020087F1FB /* XCRemoteSwiftPackageReference "SnapKit" */ = {
			isa = XCRemoteSwiftPackageReference;
			repositoryURL = "https://github.com/SnapKit/SnapKit";
			requirement = {
				kind = upToNextMajorVersion;
				minimumVersion = 5.0.1;
			};
		};
/* End XCRemoteSwiftPackageReference section */

/* Begin XCSwiftPackageProductDependency section */
		3CDCC58F26E462730087F1FB /* Alamofire */ = {
			isa = XCSwiftPackageProductDependency;
			package = 3CDCC58E26E462730087F1FB /* XCRemoteSwiftPackageReference "Alamofire" */;
			productName = Alamofire;
		};
		3CDCC59226E463020087F1FB /* SnapKit */ = {
			isa = XCSwiftPackageProductDependency;
			package = 3CDCC59126E463020087F1FB /* XCRemoteSwiftPackageReference "SnapKit" */;
			productName = SnapKit;
		};
/* End XCSwiftPackageProductDependency section */
	};
	rootObject = 3CDCC56F26E462490087F1FB /* Project object */;
}
